PODS:
  - Alamofire (4.4.0)
  - CocoaAsyncSocket (7.6.1)

DEPENDENCIES:
  - Alamofire (~> 4.4)
  - CocoaAsyncSocket

SPEC CHECKSUMS:
  Alamofire: dc44b1600b800eb63da6a19039a0083d62a6a62d
  CocoaAsyncSocket: 7eadd3f59e1a6c84e2aefc93e9ff7b55156fe174

PODFILE CHECKSUM: 5b56a65222beb663675fc6b3ba78ed914d60759d

COCOAPODS: 1.2.1
